
Microsoft Visual Studio Solution File, Format Version 12.00
# Visual Studio Version 16
VisualStudioVersion = 16.0.29709.97
MinimumVisualStudioVersion = 10.0.40219.1
Project("{9A19103F-16F7-4668-BE54-9A1E7A4F7556}") = "NXPMS.Web", "NXPMS.Web\NXPMS.Web.csproj", "{0FC69FC9-4EE0-4FF3-8496-E851506EBF88}"
EndProject
Project("{9A19103F-16F7-4668-BE54-9A1E7A4F7556}") = "NXPMS.Base", "NXPMS.Base\NXPMS.Base.csproj", "{F720726F-3E2E-4DB8-9235-FF69AB6F8026}"
EndProject
Project("{9A19103F-16F7-4668-BE54-9A1E7A4F7556}") = "NXPMS.Data", "NXPMS.Data\NXPMS.Data.csproj", "{F96AC3F7-7750-4118-B069-8A4D416FF6E1}"
EndProject
Global
	GlobalSection(SolutionConfigurationPlatforms) = preSolution
		Debug|Any CPU = Debug|Any CPU
		Release|Any CPU = Release|Any CPU
	EndGlobalSection
	GlobalSection(ProjectConfigurationPlatforms) = postSolution
		{0FC69FC9-4EE0-4FF3-8496-E851506EBF88}.Debug|Any CPU.ActiveCfg = Debug|Any CPU
		{0FC69FC9-4EE0-4FF3-8496-E851506EBF88}.Debug|Any CPU.Build.0 = Debug|Any CPU
		{0FC69FC9-4EE0-4FF3-8496-E851506EBF88}.Release|Any CPU.ActiveCfg = Release|Any CPU
		{0FC69FC9-4EE0-4FF3-8496-E851506EBF88}.Release|Any CPU.Build.0 = Release|Any CPU
		{F720726F-3E2E-4DB8-9235-FF69AB6F8026}.Debug|Any CPU.ActiveCfg = Debug|Any CPU
		{F720726F-3E2E-4DB8-9235-FF69AB6F8026}.Debug|Any CPU.Build.0 = Debug|Any CPU
		{F720726F-3E2E-4DB8-9235-FF69AB6F8026}.Release|Any CPU.ActiveCfg = Release|Any CPU
		{F720726F-3E2E-4DB8-9235-FF69AB6F8026}.Release|Any CPU.Build.0 = Release|Any CPU
		{F96AC3F7-7750-4118-B069-8A4D416FF6E1}.Debug|Any CPU.ActiveCfg = Debug|Any CPU
		{F96AC3F7-7750-4118-B069-8A4D416FF6E1}.Debug|Any CPU.Build.0 = Debug|Any CPU
		{F96AC3F7-7750-4118-B069-8A4D416FF6E1}.Release|Any CPU.ActiveCfg = Release|Any CPU
		{F96AC3F7-7750-4118-B069-8A4D416FF6E1}.Release|Any CPU.Build.0 = Release|Any CPU
	EndGlobalSection
	GlobalSection(SolutionProperties) = preSolution
		HideSolutionNode = FALSE
	EndGlobalSection
	GlobalSection(ExtensibilityGlobals) = postSolution
		SolutionGuid = {503C1520-9C4B-4F93-91FD-FF67B8EC852D}
	EndGlobalSection
EndGlobal
